
Microsoft Visual Studio Solution File, Format Version 12.00
# Visual Studio Version 17
VisualStudioVersion = 17.7.34302.85
MinimumVisualStudioVersion = 10.0.40219.1
Project("{9A19103F-16F7-4668-BE54-9A1E7A4F7556}") = "DataAccess", "DataAccess\DataAccess.csproj", "{0F1653B2-7423-4853-87F6-B03304EFD6EF}"
EndProject
Project("{9A19103F-16F7-4668-BE54-9A1E7A4F7556}") = "Business", "Business\Business.csproj", "{76A2CDE7-0889-42C9-A4B8-7A378A99B857}"
EndProject
Project("{9A19103F-16F7-4668-BE54-9A1E7A4F7556}") = "Entities", "Entities\Entities.csproj", "{0D71D1BB-ADEB-4D39-9950-62A1C1260310}"
EndProject
Project("{9A19103F-16F7-4668-BE54-9A1E7A4F7556}") = "ConsoleUI", "ConsoleUI\ConsoleUI.csproj", "{40AD8606-859B-4495-8475-17AD4FA1046D}"
EndProject
Project("{9A19103F-16F7-4668-BE54-9A1E7A4F7556}") = "Core", "Core\Core.csproj", "{E867B932-16BA-493C-8879-3F40B51D508A}"
EndProject
Project("{FAE04EC0-301F-11D3-BF4B-00C04F79EFBC}") = "WebAPI", "WebAPI\WebAPI.csproj", "{AC231586-B0E0-4699-BF6E-3512F12636CA}"
EndProject
Global
	GlobalSection(SolutionConfigurationPlatforms) = preSolution
		Debug|Any CPU = Debug|Any CPU
		Release|Any CPU = Release|Any CPU
	EndGlobalSection
	GlobalSection(ProjectConfigurationPlatforms) = postSolution
		{0F1653B2-7423-4853-87F6-B03304EFD6EF}.Debug|Any CPU.ActiveCfg = Debug|Any CPU
		{0F1653B2-7423-4853-87F6-B03304EFD6EF}.Debug|Any CPU.Build.0 = Debug|Any CPU
		{0F1653B2-7423-4853-87F6-B03304EFD6EF}.Release|Any CPU.ActiveCfg = Release|Any CPU
		{0F1653B2-7423-4853-87F6-B03304EFD6EF}.Release|Any CPU.Build.0 = Release|Any CPU
		{76A2CDE7-0889-42C9-A4B8-7A378A99B857}.Debug|Any CPU.ActiveCfg = Debug|Any CPU
		{76A2CDE7-0889-42C9-A4B8-7A378A99B857}.Debug|Any CPU.Build.0 = Debug|Any CPU
		{76A2CDE7-0889-42C9-A4B8-7A378A99B857}.Release|Any CPU.ActiveCfg = Release|Any CPU
		{76A2CDE7-0889-42C9-A4B8-7A378A99B857}.Release|Any CPU.Build.0 = Release|Any CPU
		{0D71D1BB-ADEB-4D39-9950-62A1C1260310}.Debug|Any CPU.ActiveCfg = Debug|Any CPU
		{0D71D1BB-ADEB-4D39-9950-62A1C1260310}.Debug|Any CPU.Build.0 = Debug|Any CPU
		{0D71D1BB-ADEB-4D39-9950-62A1C1260310}.Release|Any CPU.ActiveCfg = Release|Any CPU
		{0D71D1BB-ADEB-4D39-9950-62A1C1260310}.Release|Any CPU.Build.0 = Release|Any CPU
		{40AD8606-859B-4495-8475-17AD4FA1046D}.Debug|Any CPU.ActiveCfg = Debug|Any CPU
		{40AD8606-859B-4495-8475-17AD4FA1046D}.Debug|Any CPU.Build.0 = Debug|Any CPU
		{40AD8606-859B-4495-8475-17AD4FA1046D}.Release|Any CPU.ActiveCfg = Release|Any CPU
		{40AD8606-859B-4495-8475-17AD4FA1046D}.Release|Any CPU.Build.0 = Release|Any CPU
		{E867B932-16BA-493C-8879-3F40B51D508A}.Debug|Any CPU.ActiveCfg = Debug|Any CPU
		{E867B932-16BA-493C-8879-3F40B51D508A}.Debug|Any CPU.Build.0 = Debug|Any CPU
		{E867B932-16BA-493C-8879-3F40B51D508A}.Release|Any CPU.ActiveCfg = Release|Any CPU
		{E867B932-16BA-493C-8879-3F40B51D508A}.Release|Any CPU.Build.0 = Release|Any CPU
		{AC231586-B0E0-4699-BF6E-3512F12636CA}.Debug|Any CPU.ActiveCfg = Debug|Any CPU
		{AC231586-B0E0-4699-BF6E-3512F12636CA}.Debug|Any CPU.Build.0 = Debug|Any CPU
		{AC231586-B0E0-4699-BF6E-3512F12636CA}.Release|Any CPU.ActiveCfg = Release|Any CPU
		{AC231586-B0E0-4699-BF6E-3512F12636CA}.Release|Any CPU.Build.0 = Release|Any CPU
	EndGlobalSection
	GlobalSection(SolutionProperties) = preSolution
		HideSolutionNode = FALSE
	EndGlobalSection
	GlobalSection(ExtensibilityGlobals) = postSolution
		SolutionGuid = {B7123F2B-6EF1-496B-9FD5-16DC4B099DF1}
	EndGlobalSection
EndGlobal
